
Microsoft Visual Studio Solution File, Format Version 12.00
# Visual Studio 14
VisualStudioVersion = 14.0.25420.1
MinimumVisualStudioVersion = 10.0.40219.1
Project("{888888A0-9F3D-457C-B088-3A5042F75D52}") = "SlackPostsFreq", "SlackPostsFreq\SlackPostsFreq.pyproj", "{BCC33298-FB7A-40A5-AA8A-9A25601BB20E}"
EndProject
Global
	GlobalSection(SolutionConfigurationPlatforms) = preSolution
		Debug|Any CPU = Debug|Any CPU
		Release|Any CPU = Release|Any CPU
	EndGlobalSection
	GlobalSection(ProjectConfigurationPlatforms) = postSolution
		{BCC33298-FB7A-40A5-AA8A-9A25601BB20E}.Debug|Any CPU.ActiveCfg = Debug|Any CPU
		{BCC33298-FB7A-40A5-AA8A-9A25601BB20E}.Release|Any CPU.ActiveCfg = Release|Any CPU
	EndGlobalSection
	GlobalSection(SolutionProperties) = preSolution
		HideSolutionNode = FALSE
	EndGlobalSection
EndGlobal
